// !$*UTF8*$!
{
	archiveVersion = 1;
	classes = {
	};
	objectVersion = 50;
	objects = {

/* Begin PBXBuildFile section */
		2876BB83228DE9CE005616FD /* AppDelegate.swift in Sources */ = {isa = PBXBuildFile; fileRef = 2876BB82228DE9CE005616FD /* AppDelegate.swift */; };
		2876BB85228DE9CE005616FD /* HomeScreenViewController.swift in Sources */ = {isa = PBXBuildFile; fileRef = 2876BB84228DE9CE005616FD /* HomeScreenViewController.swift */; };
		2876BB88228DE9CE005616FD /* Main.storyboard in Resources */ = {isa = PBXBuildFile; fileRef = 2876BB86228DE9CE005616FD /* Main.storyboard */; };
		2876BB8A228DE9CF005616FD /* Assets.xcassets in Resources */ = {isa = PBXBuildFile; fileRef = 2876BB89228DE9CF005616FD /* Assets.xcassets */; };
		2876BB8D228DE9CF005616FD /* LaunchScreen.storyboard in Resources */ = {isa = PBXBuildFile; fileRef = 2876BB8B228DE9CF005616FD /* LaunchScreen.storyboard */; };
		2876BB98228DE9CF005616FD /* AgileContentProjectTests.swift in Sources */ = {isa = PBXBuildFile; fileRef = 2876BB97228DE9CF005616FD /* AgileContentProjectTests.swift */; };
		2876BBA3228DE9CF005616FD /* AgileContentProjectUITests.swift in Sources */ = {isa = PBXBuildFile; fileRef = 2876BBA2228DE9CF005616FD /* AgileContentProjectUITests.swift */; };
		2876BBB8228DF39D005616FD /* HomeScreenViewInterface.swift in Sources */ = {isa = PBXBuildFile; fileRef = 2876BBB7228DF39D005616FD /* HomeScreenViewInterface.swift */; };
		2876BBBD228DF839005616FD /* HomeScreenInteractor.swift in Sources */ = {isa = PBXBuildFile; fileRef = 2876BBBC228DF839005616FD /* HomeScreenInteractor.swift */; };
		2876BBBF228DFBA4005616FD /* HomeScreenInteractorInterface.swift in Sources */ = {isa = PBXBuildFile; fileRef = 2876BBBE228DFBA4005616FD /* HomeScreenInteractorInterface.swift */; };
		2876BBC1228DFCF6005616FD /* GithubUser.swift in Sources */ = {isa = PBXBuildFile; fileRef = 2876BBC0228DFCF6005616FD /* GithubUser.swift */; };
		2876BBC3228DFF20005616FD /* HomeScreenInteractorDelegate.swift in Sources */ = {isa = PBXBuildFile; fileRef = 2876BBC2228DFF20005616FD /* HomeScreenInteractorDelegate.swift */; };
		2876BBCA228E06AC005616FD /* NetworkService.swift in Sources */ = {isa = PBXBuildFile; fileRef = 2876BBC9228E06AC005616FD /* NetworkService.swift */; };
		2876BBD1228EDC91005616FD /* GithubAPI.swift in Sources */ = {isa = PBXBuildFile; fileRef = 2876BBD0228EDC91005616FD /* GithubAPI.swift */; };
		2876BBD3228EDDC4005616FD /* GithubRepository.swift in Sources */ = {isa = PBXBuildFile; fileRef = 2876BBD2228EDDC4005616FD /* GithubRepository.swift */; };
		2876BBD5228F183C005616FD /* GithubAPITests.swift in Sources */ = {isa = PBXBuildFile; fileRef = 2876BBD4228F183C005616FD /* GithubAPITests.swift */; };
		2876BBD7228F2123005616FD /* NetworkServiceTests.swift in Sources */ = {isa = PBXBuildFile; fileRef = 2876BBD6228F2123005616FD /* NetworkServiceTests.swift */; };
		2876BBD922902D1F005616FD /* NetworkServiceProtocols.swift in Sources */ = {isa = PBXBuildFile; fileRef = 2876BBD822902D1F005616FD /* NetworkServiceProtocols.swift */; };
		2876BBDC22904150005616FD /* existing_user_response.json in Resources */ = {isa = PBXBuildFile; fileRef = 2876BBDB22904150005616FD /* existing_user_response.json */; };
		2876BBDE22904156005616FD /* inexistent_user_response.json in Resources */ = {isa = PBXBuildFile; fileRef = 2876BBDD22904156005616FD /* inexistent_user_response.json */; };
		2876BBE022904AED005616FD /* user_repositories_response.json in Resources */ = {isa = PBXBuildFile; fileRef = 2876BBDF22904AED005616FD /* user_repositories_response.json */; };
		2876BBE422907935005616FD /* HomeScreenPresenter.swift in Sources */ = {isa = PBXBuildFile; fileRef = 2876BBE322907935005616FD /* HomeScreenPresenter.swift */; };
		2876BBE622907944005616FD /* HomeScreenPresenterInterface.swift in Sources */ = {isa = PBXBuildFile; fileRef = 2876BBE522907944005616FD /* HomeScreenPresenterInterface.swift */; };
		2876BBE822907F38005616FD /* HomeScreenError.swift in Sources */ = {isa = PBXBuildFile; fileRef = 2876BBE722907F38005616FD /* HomeScreenError.swift */; };
		2876BBED229088C6005616FD /* HomeScreenWireframe.swift in Sources */ = {isa = PBXBuildFile; fileRef = 2876BBEC229088C6005616FD /* HomeScreenWireframe.swift */; };
		2876BBEF229088F0005616FD /* HomeScreenWireframeInterface.swift in Sources */ = {isa = PBXBuildFile; fileRef = 2876BBEE229088F0005616FD /* HomeScreenWireframeInterface.swift */; };
		2876BBF92292BA8A005616FD /* ProfileDetailWireframe.swift in Sources */ = {isa = PBXBuildFile; fileRef = 2876BBF82292BA89005616FD /* ProfileDetailWireframe.swift */; };
		2876BBFB2292BAA8005616FD /* ProfileDetailWireframeInterface.swift in Sources */ = {isa = PBXBuildFile; fileRef = 2876BBFA2292BAA8005616FD /* ProfileDetailWireframeInterface.swift */; };
		2876BBFD2292BBB1005616FD /* ProfileDetailViewController.swift in Sources */ = {isa = PBXBuildFile; fileRef = 2876BBFC2292BBB1005616FD /* ProfileDetailViewController.swift */; };
		2876BBFF2292C604005616FD /* ProfileDetailViewInterface.swift in Sources */ = {isa = PBXBuildFile; fileRef = 2876BBFE2292C604005616FD /* ProfileDetailViewInterface.swift */; };
		2876BC012292C647005616FD /* ProfileDetailViewController+UITableViewDataSource.swift in Sources */ = {isa = PBXBuildFile; fileRef = 2876BC002292C647005616FD /* ProfileDetailViewController+UITableViewDataSource.swift */; };
		2876BC032292C967005616FD /* ProfileDetailPresenter.swift in Sources */ = {isa = PBXBuildFile; fileRef = 2876BC022292C967005616FD /* ProfileDetailPresenter.swift */; };
		2876BC052292C980005616FD /* ProfileDetailPresenterInterface.swift in Sources */ = {isa = PBXBuildFile; fileRef = 2876BC042292C980005616FD /* ProfileDetailPresenterInterface.swift */; };
		2876BC072292CA31005616FD /* ProfileDetailInteractor.swift in Sources */ = {isa = PBXBuildFile; fileRef = 2876BC062292CA31005616FD /* ProfileDetailInteractor.swift */; };
		2876BC092292CA40005616FD /* ProfileDetailInteractorInterface.swift in Sources */ = {isa = PBXBuildFile; fileRef = 2876BC082292CA40005616FD /* ProfileDetailInteractorInterface.swift */; };
		2876BC0B2292D24C005616FD /* ProfileDetailInteractorDelegate.swift in Sources */ = {isa = PBXBuildFile; fileRef = 2876BC0A2292D24C005616FD /* ProfileDetailInteractorDelegate.swift */; };
/* End PBXBuildFile section */

/* Begin PBXContainerItemProxy section */
		2876BB94228DE9CF005616FD /* PBXContainerItemProxy */ = {
			isa = PBXContainerItemProxy;
			containerPortal = 2876BB77228DE9CE005616FD /* Project object */;
			proxyType = 1;
			remoteGlobalIDString = 2876BB7E228DE9CE005616FD;
			remoteInfo = AgileContentProject;
		};
		2876BB9F228DE9CF005616FD /* PBXContainerItemProxy */ = {
			isa = PBXContainerItemProxy;
			containerPortal = 2876BB77228DE9CE005616FD /* Project object */;
			proxyType = 1;
			remoteGlobalIDString = 2876BB7E228DE9CE005616FD;
			remoteInfo = AgileContentProject;
		};
/* End PBXContainerItemProxy section */

/* Begin PBXFileReference section */
		2876BB7F228DE9CE005616FD /* AgileContentProject.app */ = {isa = PBXFileReference; explicitFileType = wrapper.application; includeInIndex = 0; path = AgileContentProject.app; sourceTree = BUILT_PRODUCTS_DIR; };
		2876BB82228DE9CE005616FD /* AppDelegate.swift */ = {isa = PBXFileReference; lastKnownFileType = sourcecode.swift; path = AppDelegate.swift; sourceTree = "<group>"; };
		2876BB84228DE9CE005616FD /* HomeScreenViewController.swift */ = {isa = PBXFileReference; lastKnownFileType = sourcecode.swift; path = HomeScreenViewController.swift; sourceTree = "<group>"; };
		2876BB87228DE9CE005616FD /* Base */ = {isa = PBXFileReference; lastKnownFileType = file.storyboard; name = Base; path = Base.lproj/Main.storyboard; sourceTree = "<group>"; };
		2876BB89228DE9CF005616FD /* Assets.xcassets */ = {isa = PBXFileReference; lastKnownFileType = folder.assetcatalog; path = Assets.xcassets; sourceTree = "<group>"; };
		2876BB8C228DE9CF005616FD /* Base */ = {isa = PBXFileReference; lastKnownFileType = file.storyboard; name = Base; path = Base.lproj/LaunchScreen.storyboard; sourceTree = "<group>"; };
		2876BB8E228DE9CF005616FD /* Info.plist */ = {isa = PBXFileReference; lastKnownFileType = text.plist.xml; path = Info.plist; sourceTree = "<group>"; };
		2876BB93228DE9CF005616FD /* AgileContentProjectTests.xctest */ = {isa = PBXFileReference; explicitFileType = wrapper.cfbundle; includeInIndex = 0; path = AgileContentProjectTests.xctest; sourceTree = BUILT_PRODUCTS_DIR; };
		2876BB97228DE9CF005616FD /* AgileContentProjectTests.swift */ = {isa = PBXFileReference; lastKnownFileType = sourcecode.swift; path = AgileContentProjectTests.swift; sourceTree = "<group>"; };
		2876BB99228DE9CF005616FD /* Info.plist */ = {isa = PBXFileReference; lastKnownFileType = text.plist.xml; path = Info.plist; sourceTree = "<group>"; };
		2876BB9E228DE9CF005616FD /* AgileContentProjectUITests.xctest */ = {isa = PBXFileReference; explicitFileType = wrapper.cfbundle; includeInIndex = 0; path = AgileContentProjectUITests.xctest; sourceTree = BUILT_PRODUCTS_DIR; };
		2876BBA2228DE9CF005616FD /* AgileContentProjectUITests.swift */ = {isa = PBXFileReference; lastKnownFileType = sourcecode.swift; path = AgileContentProjectUITests.swift; sourceTree = "<group>"; };
		2876BBA4228DE9CF005616FD /* Info.plist */ = {isa = PBXFileReference; lastKnownFileType = text.plist.xml; path = Info.plist; sourceTree = "<group>"; };
		2876BBB7228DF39D005616FD /* HomeScreenViewInterface.swift */ = {isa = PBXFileReference; lastKnownFileType = sourcecode.swift; path = HomeScreenViewInterface.swift; sourceTree = "<group>"; };
		2876BBBC228DF839005616FD /* HomeScreenInteractor.swift */ = {isa = PBXFileReference; lastKnownFileType = sourcecode.swift; path = HomeScreenInteractor.swift; sourceTree = "<group>"; };
		2876BBBE228DFBA4005616FD /* HomeScreenInteractorInterface.swift */ = {isa = PBXFileReference; lastKnownFileType = sourcecode.swift; path = HomeScreenInteractorInterface.swift; sourceTree = "<group>"; };
		2876BBC0228DFCF6005616FD /* GithubUser.swift */ = {isa = PBXFileReference; lastKnownFileType = sourcecode.swift; path = GithubUser.swift; sourceTree = "<group>"; };
		2876BBC2228DFF20005616FD /* HomeScreenInteractorDelegate.swift */ = {isa = PBXFileReference; lastKnownFileType = sourcecode.swift; path = HomeScreenInteractorDelegate.swift; sourceTree = "<group>"; };
		2876BBC9228E06AC005616FD /* NetworkService.swift */ = {isa = PBXFileReference; lastKnownFileType = sourcecode.swift; path = NetworkService.swift; sourceTree = "<group>"; };
		2876BBD0228EDC91005616FD /* GithubAPI.swift */ = {isa = PBXFileReference; lastKnownFileType = sourcecode.swift; path = GithubAPI.swift; sourceTree = "<group>"; };
		2876BBD2228EDDC4005616FD /* GithubRepository.swift */ = {isa = PBXFileReference; lastKnownFileType = sourcecode.swift; path = GithubRepository.swift; sourceTree = "<group>"; };
		2876BBD4228F183C005616FD /* GithubAPITests.swift */ = {isa = PBXFileReference; lastKnownFileType = sourcecode.swift; name = GithubAPITests.swift; path = AgileContentProjectTests/NetworkServiceTests/GithubAPITests.swift; sourceTree = SOURCE_ROOT; };
		2876BBD6228F2123005616FD /* NetworkServiceTests.swift */ = {isa = PBXFileReference; lastKnownFileType = sourcecode.swift; path = NetworkServiceTests.swift; sourceTree = "<group>"; };
		2876BBD822902D1F005616FD /* NetworkServiceProtocols.swift */ = {isa = PBXFileReference; lastKnownFileType = sourcecode.swift; path = NetworkServiceProtocols.swift; sourceTree = "<group>"; };
		2876BBDB22904150005616FD /* existing_user_response.json */ = {isa = PBXFileReference; fileEncoding = 4; lastKnownFileType = text.json; path = existing_user_response.json; sourceTree = "<group>"; };
		2876BBDD22904156005616FD /* inexistent_user_response.json */ = {isa = PBXFileReference; fileEncoding = 4; lastKnownFileType = text.json; path = inexistent_user_response.json; sourceTree = "<group>"; };
		2876BBDF22904AED005616FD /* user_repositories_response.json */ = {isa = PBXFileReference; fileEncoding = 4; lastKnownFileType = text.json; path = user_repositories_response.json; sourceTree = "<group>"; };
		2876BBE322907935005616FD /* HomeScreenPresenter.swift */ = {isa = PBXFileReference; lastKnownFileType = sourcecode.swift; path = HomeScreenPresenter.swift; sourceTree = "<group>"; };
		2876BBE522907944005616FD /* HomeScreenPresenterInterface.swift */ = {isa = PBXFileReference; lastKnownFileType = sourcecode.swift; path = HomeScreenPresenterInterface.swift; sourceTree = "<group>"; };
		2876BBE722907F38005616FD /* HomeScreenError.swift */ = {isa = PBXFileReference; lastKnownFileType = sourcecode.swift; path = HomeScreenError.swift; sourceTree = "<group>"; };
		2876BBEC229088C6005616FD /* HomeScreenWireframe.swift */ = {isa = PBXFileReference; lastKnownFileType = sourcecode.swift; path = HomeScreenWireframe.swift; sourceTree = "<group>"; };
		2876BBEE229088F0005616FD /* HomeScreenWireframeInterface.swift */ = {isa = PBXFileReference; lastKnownFileType = sourcecode.swift; path = HomeScreenWireframeInterface.swift; sourceTree = "<group>"; };
		2876BBF82292BA89005616FD /* ProfileDetailWireframe.swift */ = {isa = PBXFileReference; lastKnownFileType = sourcecode.swift; path = ProfileDetailWireframe.swift; sourceTree = "<group>"; };
		2876BBFA2292BAA8005616FD /* ProfileDetailWireframeInterface.swift */ = {isa = PBXFileReference; lastKnownFileType = sourcecode.swift; path = ProfileDetailWireframeInterface.swift; sourceTree = "<group>"; };
		2876BBFC2292BBB1005616FD /* ProfileDetailViewController.swift */ = {isa = PBXFileReference; lastKnownFileType = sourcecode.swift; path = ProfileDetailViewController.swift; sourceTree = "<group>"; };
		2876BBFE2292C604005616FD /* ProfileDetailViewInterface.swift */ = {isa = PBXFileReference; lastKnownFileType = sourcecode.swift; path = ProfileDetailViewInterface.swift; sourceTree = "<group>"; };
		2876BC002292C647005616FD /* ProfileDetailViewController+UITableViewDataSource.swift */ = {isa = PBXFileReference; lastKnownFileType = sourcecode.swift; path = "ProfileDetailViewController+UITableViewDataSource.swift"; sourceTree = "<group>"; };
		2876BC022292C967005616FD /* ProfileDetailPresenter.swift */ = {isa = PBXFileReference; lastKnownFileType = sourcecode.swift; path = ProfileDetailPresenter.swift; sourceTree = "<group>"; };
		2876BC042292C980005616FD /* ProfileDetailPresenterInterface.swift */ = {isa = PBXFileReference; lastKnownFileType = sourcecode.swift; path = ProfileDetailPresenterInterface.swift; sourceTree = "<group>"; };
		2876BC062292CA31005616FD /* ProfileDetailInteractor.swift */ = {isa = PBXFileReference; lastKnownFileType = sourcecode.swift; path = ProfileDetailInteractor.swift; sourceTree = "<group>"; };
		2876BC082292CA40005616FD /* ProfileDetailInteractorInterface.swift */ = {isa = PBXFileReference; lastKnownFileType = sourcecode.swift; path = ProfileDetailInteractorInterface.swift; sourceTree = "<group>"; };
		2876BC0A2292D24C005616FD /* ProfileDetailInteractorDelegate.swift */ = {isa = PBXFileReference; lastKnownFileType = sourcecode.swift; path = ProfileDetailInteractorDelegate.swift; sourceTree = "<group>"; };
/* End PBXFileReference section */

/* Begin PBXFrameworksBuildPhase section */
		2876BB7C228DE9CE005616FD /* Frameworks */ = {
			isa = PBXFrameworksBuildPhase;
			buildActionMask = 2147483647;
			files = (
			);
			runOnlyForDeploymentPostprocessing = 0;
		};
		2876BB90228DE9CF005616FD /* Frameworks */ = {
			isa = PBXFrameworksBuildPhase;
			buildActionMask = 2147483647;
			files = (
			);
			runOnlyForDeploymentPostprocessing = 0;
		};
		2876BB9B228DE9CF005616FD /* Frameworks */ = {
			isa = PBXFrameworksBuildPhase;
			buildActionMask = 2147483647;
			files = (
			);
			runOnlyForDeploymentPostprocessing = 0;
		};
/* End PBXFrameworksBuildPhase section */

/* Begin PBXGroup section */
		2876BB76228DE9CE005616FD = {
			isa = PBXGroup;
			children = (
				2876BB81228DE9CE005616FD /* AgileContentProject */,
				2876BB96228DE9CF005616FD /* AgileContentProjectTests */,
				2876BBA1228DE9CF005616FD /* AgileContentProjectUITests */,
				2876BB80228DE9CE005616FD /* Products */,
			);
			sourceTree = "<group>";
		};
		2876BB80228DE9CE005616FD /* Products */ = {
			isa = PBXGroup;
			children = (
				2876BB7F228DE9CE005616FD /* AgileContentProject.app */,
				2876BB93228DE9CF005616FD /* AgileContentProjectTests.xctest */,
				2876BB9E228DE9CF005616FD /* AgileContentProjectUITests.xctest */,
			);
			name = Products;
			sourceTree = "<group>";
		};
		2876BB81228DE9CE005616FD /* AgileContentProject */ = {
			isa = PBXGroup;
			children = (
				2876BBB4228DEE54005616FD /* Common */,
				2876BBB3228DEE3C005616FD /* Modules */,
				2876BBB5228DF0EE005616FD /* Resources */,
				2876BBB2228DEAA5005616FD /* SupportFiles */,
			);
			path = AgileContentProject;
			sourceTree = "<group>";
		};
		2876BB96228DE9CF005616FD /* AgileContentProjectTests */ = {
			isa = PBXGroup;
			children = (
				2876BBDA22904109005616FD /* NetworkServiceTests */,
				2876BB97228DE9CF005616FD /* AgileContentProjectTests.swift */,
				2876BB99228DE9CF005616FD /* Info.plist */,
			);
			path = AgileContentProjectTests;
			sourceTree = "<group>";
		};
		2876BBA1228DE9CF005616FD /* AgileContentProjectUITests */ = {
			isa = PBXGroup;
			children = (
				2876BBA2228DE9CF005616FD /* AgileContentProjectUITests.swift */,
				2876BBA4228DE9CF005616FD /* Info.plist */,
			);
			path = AgileContentProjectUITests;
			sourceTree = "<group>";
		};
		2876BBB0228DEA6C005616FD /* HomeScreen */ = {
			isa = PBXGroup;
			children = (
				2876BBB9228DF7A9005616FD /* ApplicationLogic */,
				2876BBBA228DF7B6005616FD /* UserInterface */,
			);
			path = HomeScreen;
			sourceTree = "<group>";
		};
		2876BBB1228DEA82005616FD /* ProfileDetail */ = {
			isa = PBXGroup;
			children = (
				2876BBF22290B2ED005616FD /* ApplicationLogic */,
				2876BBF32290B2F6005616FD /* UserInterface */,
			);
			path = ProfileDetail;
			sourceTree = "<group>";
		};
		2876BBB2228DEAA5005616FD /* SupportFiles */ = {
			isa = PBXGroup;
			children = (
				2876BB8E228DE9CF005616FD /* Info.plist */,
			);
			path = SupportFiles;
			sourceTree = "<group>";
		};
		2876BBB3228DEE3C005616FD /* Modules */ = {
			isa = PBXGroup;
			children = (
				2876BBB0228DEA6C005616FD /* HomeScreen */,
				2876BBB1228DEA82005616FD /* ProfileDetail */,
			);
			path = Modules;
			sourceTree = "<group>";
		};
		2876BBB4228DEE54005616FD /* Common */ = {
			isa = PBXGroup;
			children = (
				2876BB82228DE9CE005616FD /* AppDelegate.swift */,
				2876BBEA22907FD9005616FD /* Errors */,
				2876BBE222907773005616FD /* GithubModel */,
				2876BBC4228E0476005616FD /* NetworkService */,
			);
			path = Common;
			sourceTree = "<group>";
		};
		2876BBB5228DF0EE005616FD /* Resources */ = {
			isa = PBXGroup;
			children = (
				2876BB86228DE9CE005616FD /* Main.storyboard */,
				2876BB8B228DE9CF005616FD /* LaunchScreen.storyboard */,
				2876BB89228DE9CF005616FD /* Assets.xcassets */,
			);
			path = Resources;
			sourceTree = "<group>";
		};
		2876BBB6228DF35A005616FD /* View */ = {
			isa = PBXGroup;
			children = (
				2876BBB7228DF39D005616FD /* HomeScreenViewInterface.swift */,
				2876BB84228DE9CE005616FD /* HomeScreenViewController.swift */,
			);
			path = View;
			sourceTree = "<group>";
		};
		2876BBB9228DF7A9005616FD /* ApplicationLogic */ = {
			isa = PBXGroup;
			children = (
				2876BBBB228DF824005616FD /* Interactor */,
			);
			path = ApplicationLogic;
			sourceTree = "<group>";
		};
		2876BBBA228DF7B6005616FD /* UserInterface */ = {
			isa = PBXGroup;
			children = (
				2876BBEB229088A8005616FD /* Wireframe */,
				2876BBE1229053A3005616FD /* Presenter */,
				2876BBB6228DF35A005616FD /* View */,
			);
			path = UserInterface;
			sourceTree = "<group>";
		};
		2876BBBB228DF824005616FD /* Interactor */ = {
			isa = PBXGroup;
			children = (
				2876BBBE228DFBA4005616FD /* HomeScreenInteractorInterface.swift */,
				2876BBC2228DFF20005616FD /* HomeScreenInteractorDelegate.swift */,
				2876BBBC228DF839005616FD /* HomeScreenInteractor.swift */,
			);
			path = Interactor;
			sourceTree = "<group>";
		};
		2876BBC4228E0476005616FD /* NetworkService */ = {
			isa = PBXGroup;
			children = (
				2876BBD0228EDC91005616FD /* GithubAPI.swift */,
				2876BBC9228E06AC005616FD /* NetworkService.swift */,
				2876BBD822902D1F005616FD /* NetworkServiceProtocols.swift */,
			);
			path = NetworkService;
			sourceTree = "<group>";
		};
		2876BBDA22904109005616FD /* NetworkServiceTests */ = {
			isa = PBXGroup;
			children = (
				2876BBDB22904150005616FD /* existing_user_response.json */,
				2876BBDD22904156005616FD /* inexistent_user_response.json */,
				2876BBDF22904AED005616FD /* user_repositories_response.json */,
				2876BBD4228F183C005616FD /* GithubAPITests.swift */,
				2876BBD6228F2123005616FD /* NetworkServiceTests.swift */,
			);
			path = NetworkServiceTests;
			sourceTree = "<group>";
		};
		2876BBE1229053A3005616FD /* Presenter */ = {
			isa = PBXGroup;
			children = (
				2876BBE522907944005616FD /* HomeScreenPresenterInterface.swift */,
				2876BBE322907935005616FD /* HomeScreenPresenter.swift */,
			);
			path = Presenter;
			sourceTree = "<group>";
		};
		2876BBE222907773005616FD /* GithubModel */ = {
			isa = PBXGroup;
			children = (
				2876BBC0228DFCF6005616FD /* GithubUser.swift */,
				2876BBD2228EDDC4005616FD /* GithubRepository.swift */,
			);
			path = GithubModel;
			sourceTree = "<group>";
		};
		2876BBEA22907FD9005616FD /* Errors */ = {
			isa = PBXGroup;
			children = (
				2876BBE722907F38005616FD /* HomeScreenError.swift */,
			);
			path = Errors;
			sourceTree = "<group>";
		};
		2876BBEB229088A8005616FD /* Wireframe */ = {
			isa = PBXGroup;
			children = (
				2876BBEE229088F0005616FD /* HomeScreenWireframeInterface.swift */,
				2876BBEC229088C6005616FD /* HomeScreenWireframe.swift */,
			);
			path = Wireframe;
			sourceTree = "<group>";
		};
		2876BBF22290B2ED005616FD /* ApplicationLogic */ = {
			isa = PBXGroup;
			children = (
				2876BBF42290B310005616FD /* Interactor */,
			);
			path = ApplicationLogic;
			sourceTree = "<group>";
		};
		2876BBF32290B2F6005616FD /* UserInterface */ = {
			isa = PBXGroup;
			children = (
				2876BBF52290B317005616FD /* Wireframe */,
				2876BBF62290B31D005616FD /* Presenter */,
				2876BBF72290B322005616FD /* View */,
			);
			path = UserInterface;
			sourceTree = "<group>";
		};
		2876BBF42290B310005616FD /* Interactor */ = {
			isa = PBXGroup;
			children = (
				2876BC082292CA40005616FD /* ProfileDetailInteractorInterface.swift */,
				2876BC0A2292D24C005616FD /* ProfileDetailInteractorDelegate.swift */,
				2876BC062292CA31005616FD /* ProfileDetailInteractor.swift */,
			);
			path = Interactor;
			sourceTree = "<group>";
		};
		2876BBF52290B317005616FD /* Wireframe */ = {
			isa = PBXGroup;
			children = (
				2876BBFA2292BAA8005616FD /* ProfileDetailWireframeInterface.swift */,
				2876BBF82292BA89005616FD /* ProfileDetailWireframe.swift */,
			);
			path = Wireframe;
			sourceTree = "<group>";
		};
		2876BBF62290B31D005616FD /* Presenter */ = {
			isa = PBXGroup;
			children = (
				2876BC042292C980005616FD /* ProfileDetailPresenterInterface.swift */,
				2876BC022292C967005616FD /* ProfileDetailPresenter.swift */,
			);
			path = Presenter;
			sourceTree = "<group>";
		};
		2876BBF72290B322005616FD /* View */ = {
			isa = PBXGroup;
			children = (
				2876BBFE2292C604005616FD /* ProfileDetailViewInterface.swift */,
				2876BBFC2292BBB1005616FD /* ProfileDetailViewController.swift */,
				2876BC002292C647005616FD /* ProfileDetailViewController+UITableViewDataSource.swift */,
			);
			path = View;
			sourceTree = "<group>";
		};
/* End PBXGroup section */

/* Begin PBXNativeTarget section */
		2876BB7E228DE9CE005616FD /* AgileContentProject */ = {
			isa = PBXNativeTarget;
			buildConfigurationList = 2876BBA7228DE9CF005616FD /* Build configuration list for PBXNativeTarget "AgileContentProject" */;
			buildPhases = (
				2876BB7B228DE9CE005616FD /* Sources */,
				2876BB7C228DE9CE005616FD /* Frameworks */,
				2876BB7D228DE9CE005616FD /* Resources */,
			);
			buildRules = (
			);
			dependencies = (
			);
			name = AgileContentProject;
			productName = AgileContentProject;
			productReference = 2876BB7F228DE9CE005616FD /* AgileContentProject.app */;
			productType = "com.apple.product-type.application";
		};
		2876BB92228DE9CF005616FD /* AgileContentProjectTests */ = {
			isa = PBXNativeTarget;
			buildConfigurationList = 2876BBAA228DE9CF005616FD /* Build configuration list for PBXNativeTarget "AgileContentProjectTests" */;
			buildPhases = (
				2876BB8F228DE9CF005616FD /* Sources */,
				2876BB90228DE9CF005616FD /* Frameworks */,
				2876BB91228DE9CF005616FD /* Resources */,
			);
			buildRules = (
			);
			dependencies = (
				2876BB95228DE9CF005616FD /* PBXTargetDependency */,
			);
			name = AgileContentProjectTests;
			productName = AgileContentProjectTests;
			productReference = 2876BB93228DE9CF005616FD /* AgileContentProjectTests.xctest */;
			productType = "com.apple.product-type.bundle.unit-test";
		};
		2876BB9D228DE9CF005616FD /* AgileContentProjectUITests */ = {
			isa = PBXNativeTarget;
			buildConfigurationList = 2876BBAD228DE9CF005616FD /* Build configuration list for PBXNativeTarget "AgileContentProjectUITests" */;
			buildPhases = (
				2876BB9A228DE9CF005616FD /* Sources */,
				2876BB9B228DE9CF005616FD /* Frameworks */,
				2876BB9C228DE9CF005616FD /* Resources */,
			);
			buildRules = (
			);
			dependencies = (
				2876BBA0228DE9CF005616FD /* PBXTargetDependency */,
			);
			name = AgileContentProjectUITests;
			productName = AgileContentProjectUITests;
			productReference = 2876BB9E228DE9CF005616FD /* AgileContentProjectUITests.xctest */;
			productType = "com.apple.product-type.bundle.ui-testing";
		};
/* End PBXNativeTarget section */

/* Begin PBXProject section */
		2876BB77228DE9CE005616FD /* Project object */ = {
			isa = PBXProject;
			attributes = {
				LastSwiftUpdateCheck = 1020;
				LastUpgradeCheck = 1020;
				ORGANIZATIONNAME = "Marcel Oliveira Alves";
				TargetAttributes = {
					2876BB7E228DE9CE005616FD = {
						CreatedOnToolsVersion = 10.2.1;
					};
					2876BB92228DE9CF005616FD = {
						CreatedOnToolsVersion = 10.2.1;
						TestTargetID = 2876BB7E228DE9CE005616FD;
					};
					2876BB9D228DE9CF005616FD = {
						CreatedOnToolsVersion = 10.2.1;
						TestTargetID = 2876BB7E228DE9CE005616FD;
					};
				};
			};
			buildConfigurationList = 2876BB7A228DE9CE005616FD /* Build configuration list for PBXProject "AgileContentProject" */;
			compatibilityVersion = "Xcode 9.3";
			developmentRegion = en;
			hasScannedForEncodings = 0;
			knownRegions = (
				en,
				Base,
			);
			mainGroup = 2876BB76228DE9CE005616FD;
			productRefGroup = 2876BB80228DE9CE005616FD /* Products */;
			projectDirPath = "";
			projectRoot = "";
			targets = (
				2876BB7E228DE9CE005616FD /* AgileContentProject */,
				2876BB92228DE9CF005616FD /* AgileContentProjectTests */,
				2876BB9D228DE9CF005616FD /* AgileContentProjectUITests */,
			);
		};
/* End PBXProject section */

/* Begin PBXResourcesBuildPhase section */
		2876BB7D228DE9CE005616FD /* Resources */ = {
			isa = PBXResourcesBuildPhase;
			buildActionMask = 2147483647;
			files = (
				2876BB8D228DE9CF005616FD /* LaunchScreen.storyboard in Resources */,
				2876BB8A228DE9CF005616FD /* Assets.xcassets in Resources */,
				2876BB88228DE9CE005616FD /* Main.storyboard in Resources */,
			);
			runOnlyForDeploymentPostprocessing = 0;
		};
		2876BB91228DE9CF005616FD /* Resources */ = {
			isa = PBXResourcesBuildPhase;
			buildActionMask = 2147483647;
			files = (
				2876BBDC22904150005616FD /* existing_user_response.json in Resources */,
				2876BBDE22904156005616FD /* inexistent_user_response.json in Resources */,
				2876BBE022904AED005616FD /* user_repositories_response.json in Resources */,
			);
			runOnlyForDeploymentPostprocessing = 0;
		};
		2876BB9C228DE9CF005616FD /* Resources */ = {
			isa = PBXResourcesBuildPhase;
			buildActionMask = 2147483647;
			files = (
			);
			runOnlyForDeploymentPostprocessing = 0;
		};
/* End PBXResourcesBuildPhase section */

/* Begin PBXSourcesBuildPhase section */
		2876BB7B228DE9CE005616FD /* Sources */ = {
			isa = PBXSourcesBuildPhase;
			buildActionMask = 2147483647;
			files = (
				2876BC0B2292D24C005616FD /* ProfileDetailInteractorDelegate.swift in Sources */,
				2876BBCA228E06AC005616FD /* NetworkService.swift in Sources */,
				2876BC052292C980005616FD /* ProfileDetailPresenterInterface.swift in Sources */,
				2876BC012292C647005616FD /* ProfileDetailViewController+UITableViewDataSource.swift in Sources */,
				2876BBFB2292BAA8005616FD /* ProfileDetailWireframeInterface.swift in Sources */,
				2876BBE422907935005616FD /* HomeScreenPresenter.swift in Sources */,
				2876BBD922902D1F005616FD /* NetworkServiceProtocols.swift in Sources */,
				2876BBE822907F38005616FD /* HomeScreenError.swift in Sources */,
				2876BBC3228DFF20005616FD /* HomeScreenInteractorDelegate.swift in Sources */,
				2876BC092292CA40005616FD /* ProfileDetailInteractorInterface.swift in Sources */,
				2876BBD1228EDC91005616FD /* GithubAPI.swift in Sources */,
				2876BBED229088C6005616FD /* HomeScreenWireframe.swift in Sources */,
				2876BB85228DE9CE005616FD /* HomeScreenViewController.swift in Sources */,
				2876BBFD2292BBB1005616FD /* ProfileDetailViewController.swift in Sources */,
				2876BBC1228DFCF6005616FD /* GithubUser.swift in Sources */,
				2876BBBD228DF839005616FD /* HomeScreenInteractor.swift in Sources */,
				2876BBB8228DF39D005616FD /* HomeScreenViewInterface.swift in Sources */,
				2876BBF92292BA8A005616FD /* ProfileDetailWireframe.swift in Sources */,
				2876BBEF229088F0005616FD /* HomeScreenWireframeInterface.swift in Sources */,
				2876BB83228DE9CE005616FD /* AppDelegate.swift in Sources */,
				2876BBD3228EDDC4005616FD /* GithubRepository.swift in Sources */,
				2876BBFF2292C604005616FD /* ProfileDetailViewInterface.swift in Sources */,
				2876BC032292C967005616FD /* ProfileDetailPresenter.swift in Sources */,
				2876BBBF228DFBA4005616FD /* HomeScreenInteractorInterface.swift in Sources */,
				2876BBE622907944005616FD /* HomeScreenPresenterInterface.swift in Sources */,
				2876BC072292CA31005616FD /* ProfileDetailInteractor.swift in Sources */,
			);
			runOnlyForDeploymentPostprocessing = 0;
		};
		2876BB8F228DE9CF005616FD /* Sources */ = {
			isa = PBXSourcesBuildPhase;
			buildActionMask = 2147483647;
			files = (
				2876BB98228DE9CF005616FD /* AgileContentProjectTests.swift in Sources */,
				2876BBD7228F2123005616FD /* NetworkServiceTests.swift in Sources */,
				2876BBD5228F183C005616FD /* GithubAPITests.swift in Sources */,
			);
			runOnlyForDeploymentPostprocessing = 0;
		};
		2876BB9A228DE9CF005616FD /* Sources */ = {
			isa = PBXSourcesBuildPhase;
			buildActionMask = 2147483647;
			files = (
				2876BBA3228DE9CF005616FD /* AgileContentProjectUITests.swift in Sources */,
			);
			runOnlyForDeploymentPostprocessing = 0;
		};
/* End PBXSourcesBuildPhase section */

/* Begin PBXTargetDependency section */
		2876BB95228DE9CF005616FD /* PBXTargetDependency */ = {
			isa = PBXTargetDependency;
			target = 2876BB7E228DE9CE005616FD /* AgileContentProject */;
			targetProxy = 2876BB94228DE9CF005616FD /* PBXContainerItemProxy */;
		};
		2876BBA0228DE9CF005616FD /* PBXTargetDependency */ = {
			isa = PBXTargetDependency;
			target = 2876BB7E228DE9CE005616FD /* AgileContentProject */;
			targetProxy = 2876BB9F228DE9CF005616FD /* PBXContainerItemProxy */;
		};
/* End PBXTargetDependency section */

/* Begin PBXVariantGroup section */
		2876BB86228DE9CE005616FD /* Main.storyboard */ = {
			isa = PBXVariantGroup;
			children = (
				2876BB87228DE9CE005616FD /* Base */,
			);
			name = Main.storyboard;
			sourceTree = "<group>";
		};
		2876BB8B228DE9CF005616FD /* LaunchScreen.storyboard */ = {
			isa = PBXVariantGroup;
			children = (
				2876BB8C228DE9CF005616FD /* Base */,
			);
			name = LaunchScreen.storyboard;
			sourceTree = "<group>";
		};
/* End PBXVariantGroup section */

/* Begin XCBuildConfiguration section */
		2876BBA5228DE9CF005616FD /* Debug */ = {
			isa = XCBuildConfiguration;
			buildSettings = {
				ALWAYS_SEARCH_USER_PATHS = NO;
				CLANG_ANALYZER_NONNULL = YES;
				CLANG_ANALYZER_NUMBER_OBJECT_CONVERSION = YES_AGGRESSIVE;
				CLANG_CXX_LANGUAGE_STANDARD = "gnu++14";
				CLANG_CXX_LIBRARY = "libc++";
				CLANG_ENABLE_MODULES = YES;
				CLANG_ENABLE_OBJC_ARC = YES;
				CLANG_ENABLE_OBJC_WEAK = YES;
				CLANG_WARN_BLOCK_CAPTURE_AUTORELEASING = YES;
				CLANG_WARN_BOOL_CONVERSION = YES;
				CLANG_WARN_COMMA = YES;
				CLANG_WARN_CONSTANT_CONVERSION = YES;
				CLANG_WARN_DEPRECATED_OBJC_IMPLEMENTATIONS = YES;
				CLANG_WARN_DIRECT_OBJC_ISA_USAGE = YES_ERROR;
				CLANG_WARN_DOCUMENTATION_COMMENTS = YES;
				CLANG_WARN_EMPTY_BODY = YES;
				CLANG_WARN_ENUM_CONVERSION = YES;
				CLANG_WARN_INFINITE_RECURSION = YES;
				CLANG_WARN_INT_CONVERSION = YES;
				CLANG_WARN_NON_LITERAL_NULL_CONVERSION = YES;
				CLANG_WARN_OBJC_IMPLICIT_RETAIN_SELF = YES;
				CLANG_WARN_OBJC_LITERAL_CONVERSION = YES;
				CLANG_WARN_OBJC_ROOT_CLASS = YES_ERROR;
				CLANG_WARN_RANGE_LOOP_ANALYSIS = YES;
				CLANG_WARN_STRICT_PROTOTYPES = YES;
				CLANG_WARN_SUSPICIOUS_MOVE = YES;
				CLANG_WARN_UNGUARDED_AVAILABILITY = YES_AGGRESSIVE;
				CLANG_WARN_UNREACHABLE_CODE = YES;
				CLANG_WARN__DUPLICATE_METHOD_MATCH = YES;
				CODE_SIGN_IDENTITY = "iPhone Developer";
				COPY_PHASE_STRIP = NO;
				DEBUG_INFORMATION_FORMAT = dwarf;
				ENABLE_STRICT_OBJC_MSGSEND = YES;
				ENABLE_TESTABILITY = YES;
				GCC_C_LANGUAGE_STANDARD = gnu11;
				GCC_DYNAMIC_NO_PIC = NO;
				GCC_NO_COMMON_BLOCKS = YES;
				GCC_OPTIMIZATION_LEVEL = 0;
				GCC_PREPROCESSOR_DEFINITIONS = (
					"DEBUG=1",
					"$(inherited)",
				);
				GCC_WARN_64_TO_32_BIT_CONVERSION = YES;
				GCC_WARN_ABOUT_RETURN_TYPE = YES_ERROR;
				GCC_WARN_UNDECLARED_SELECTOR = YES;
				GCC_WARN_UNINITIALIZED_AUTOS = YES_AGGRESSIVE;
				GCC_WARN_UNUSED_FUNCTION = YES;
				GCC_WARN_UNUSED_VARIABLE = YES;
				IPHONEOS_DEPLOYMENT_TARGET = 12.2;
				MTL_ENABLE_DEBUG_INFO = INCLUDE_SOURCE;
				MTL_FAST_MATH = YES;
				ONLY_ACTIVE_ARCH = YES;
				SDKROOT = iphoneos;
				SWIFT_ACTIVE_COMPILATION_CONDITIONS = DEBUG;
				SWIFT_OPTIMIZATION_LEVEL = "-Onone";
			};
			name = Debug;
		};
		2876BBA6228DE9CF005616FD /* Release */ = {
			isa = XCBuildConfiguration;
			buildSettings = {
				ALWAYS_SEARCH_USER_PATHS = NO;
				CLANG_ANALYZER_NONNULL = YES;
				CLANG_ANALYZER_NUMBER_OBJECT_CONVERSION = YES_AGGRESSIVE;
				CLANG_CXX_LANGUAGE_STANDARD = "gnu++14";
				CLANG_CXX_LIBRARY = "libc++";
				CLANG_ENABLE_MODULES = YES;
				CLANG_ENABLE_OBJC_ARC = YES;
				CLANG_ENABLE_OBJC_WEAK = YES;
				CLANG_WARN_BLOCK_CAPTURE_AUTORELEASING = YES;
				CLANG_WARN_BOOL_CONVERSION = YES;
				CLANG_WARN_COMMA = YES;
				CLANG_WARN_CONSTANT_CONVERSION = YES;
				CLANG_WARN_DEPRECATED_OBJC_IMPLEMENTATIONS = YES;
				CLANG_WARN_DIRECT_OBJC_ISA_USAGE = YES_ERROR;
				CLANG_WARN_DOCUMENTATION_COMMENTS = YES;
				CLANG_WARN_EMPTY_BODY = YES;
				CLANG_WARN_ENUM_CONVERSION = YES;
				CLANG_WARN_INFINITE_RECURSION = YES;
				CLANG_WARN_INT_CONVERSION = YES;
				CLANG_WARN_NON_LITERAL_NULL_CONVERSION = YES;
				CLANG_WARN_OBJC_IMPLICIT_RETAIN_SELF = YES;
				CLANG_WARN_OBJC_LITERAL_CONVERSION = YES;
				CLANG_WARN_OBJC_ROOT_CLASS = YES_ERROR;
				CLANG_WARN_RANGE_LOOP_ANALYSIS = YES;
				CLANG_WARN_STRICT_PROTOTYPES = YES;
				CLANG_WARN_SUSPICIOUS_MOVE = YES;
				CLANG_WARN_UNGUARDED_AVAILABILITY = YES_AGGRESSIVE;
				CLANG_WARN_UNREACHABLE_CODE = YES;
				CLANG_WARN__DUPLICATE_METHOD_MATCH = YES;
				CODE_SIGN_IDENTITY = "iPhone Developer";
				COPY_PHASE_STRIP = NO;
				DEBUG_INFORMATION_FORMAT = "dwarf-with-dsym";
				ENABLE_NS_ASSERTIONS = NO;
				ENABLE_STRICT_OBJC_MSGSEND = YES;
				GCC_C_LANGUAGE_STANDARD = gnu11;
				GCC_NO_COMMON_BLOCKS = YES;
				GCC_WARN_64_TO_32_BIT_CONVERSION = YES;
				GCC_WARN_ABOUT_RETURN_TYPE = YES_ERROR;
				GCC_WARN_UNDECLARED_SELECTOR = YES;
				GCC_WARN_UNINITIALIZED_AUTOS = YES_AGGRESSIVE;
				GCC_WARN_UNUSED_FUNCTION = YES;
				GCC_WARN_UNUSED_VARIABLE = YES;
				IPHONEOS_DEPLOYMENT_TARGET = 12.2;
				MTL_ENABLE_DEBUG_INFO = NO;
				MTL_FAST_MATH = YES;
				SDKROOT = iphoneos;
				SWIFT_COMPILATION_MODE = wholemodule;
				SWIFT_OPTIMIZATION_LEVEL = "-O";
				VALIDATE_PRODUCT = YES;
			};
			name = Release;
		};
		2876BBA8228DE9CF005616FD /* Debug */ = {
			isa = XCBuildConfiguration;
			buildSettings = {
				ASSETCATALOG_COMPILER_APPICON_NAME = AppIcon;
				CODE_SIGN_STYLE = Automatic;
				DEVELOPMENT_TEAM = Z2U9XN2WL3;
				INFOPLIST_FILE = "$(SRCROOT)/AgileContentProject/SupportFiles/Info.plist";
				IPHONEOS_DEPLOYMENT_TARGET = 11.0;
				LD_RUNPATH_SEARCH_PATHS = (
					"$(inherited)",
					"@executable_path/Frameworks",
				);
				PRODUCT_BUNDLE_IDENTIFIER = com.alvesmarcel.AgileContentProject;
				PRODUCT_NAME = "$(TARGET_NAME)";
				SWIFT_VERSION = 5.0;
				TARGETED_DEVICE_FAMILY = "1,2";
			};
			name = Debug;
		};
		2876BBA9228DE9CF005616FD /* Release */ = {
			isa = XCBuildConfiguration;
			buildSettings = {
				ASSETCATALOG_COMPILER_APPICON_NAME = AppIcon;
				CODE_SIGN_STYLE = Automatic;
				DEVELOPMENT_TEAM = Z2U9XN2WL3;
				INFOPLIST_FILE = "$(SRCROOT)/AgileContentProject/SupportFiles/Info.plist";
				IPHONEOS_DEPLOYMENT_TARGET = 11.0;
				LD_RUNPATH_SEARCH_PATHS = (
					"$(inherited)",
					"@executable_path/Frameworks",
				);
				PRODUCT_BUNDLE_IDENTIFIER = com.alvesmarcel.AgileContentProject;
				PRODUCT_NAME = "$(TARGET_NAME)";
				SWIFT_VERSION = 5.0;
				TARGETED_DEVICE_FAMILY = "1,2";
			};
			name = Release;
		};
		2876BBAB228DE9CF005616FD /* Debug */ = {
			isa = XCBuildConfiguration;
			buildSettings = {
				ALWAYS_EMBED_SWIFT_STANDARD_LIBRARIES = YES;
				BUNDLE_LOADER = "$(TEST_HOST)";
				CODE_SIGN_STYLE = Automatic;
				DEVELOPMENT_TEAM = Z2U9XN2WL3;
				INFOPLIST_FILE = AgileContentProjectTests/Info.plist;
				LD_RUNPATH_SEARCH_PATHS = (
					"$(inherited)",
					"@executable_path/Frameworks",
					"@loader_path/Frameworks",
				);
				PRODUCT_BUNDLE_IDENTIFIER = com.alvesmarcel.AgileContentProjectTests;
				PRODUCT_NAME = "$(TARGET_NAME)";
				SWIFT_VERSION = 5.0;
				TARGETED_DEVICE_FAMILY = "1,2";
				TEST_HOST = "$(BUILT_PRODUCTS_DIR)/AgileContentProject.app/AgileContentProject";
			};
			name = Debug;
		};
		2876BBAC228DE9CF005616FD /* Release */ = {
			isa = XCBuildConfiguration;
			buildSettings = {
				ALWAYS_EMBED_SWIFT_STANDARD_LIBRARIES = YES;
				BUNDLE_LOADER = "$(TEST_HOST)";
				CODE_SIGN_STYLE = Automatic;
				DEVELOPMENT_TEAM = Z2U9XN2WL3;
				INFOPLIST_FILE = AgileContentProjectTests/Info.plist;
				LD_RUNPATH_SEARCH_PATHS = (
					"$(inherited)",
					"@executable_path/Frameworks",
					"@loader_path/Frameworks",
				);
				PRODUCT_BUNDLE_IDENTIFIER = com.alvesmarcel.AgileContentProjectTests;
				PRODUCT_NAME = "$(TARGET_NAME)";
				SWIFT_VERSION = 5.0;
				TARGETED_DEVICE_FAMILY = "1,2";
				TEST_HOST = "$(BUILT_PRODUCTS_DIR)/AgileContentProject.app/AgileContentProject";
			};
			name = Release;
		};
		2876BBAE228DE9CF005616FD /* Debug */ = {
			isa = XCBuildConfiguration;
			buildSettings = {
				ALWAYS_EMBED_SWIFT_STANDARD_LIBRARIES = YES;
				CODE_SIGN_STYLE = Automatic;
				DEVELOPMENT_TEAM = Z2U9XN2WL3;
				INFOPLIST_FILE = AgileContentProjectUITests/Info.plist;
				LD_RUNPATH_SEARCH_PATHS = (
					"$(inherited)",
					"@executable_path/Frameworks",
					"@loader_path/Frameworks",
				);
				PRODUCT_BUNDLE_IDENTIFIER = com.alvesmarcel.AgileContentProjectUITests;
				PRODUCT_NAME = "$(TARGET_NAME)";
				SWIFT_VERSION = 5.0;
				TARGETED_DEVICE_FAMILY = "1,2";
				TEST_TARGET_NAME = AgileContentProject;
			};
			name = Debug;
		};
		2876BBAF228DE9CF005616FD /* Release */ = {
			isa = XCBuildConfiguration;
			buildSettings = {
				ALWAYS_EMBED_SWIFT_STANDARD_LIBRARIES = YES;
				CODE_SIGN_STYLE = Automatic;
				DEVELOPMENT_TEAM = Z2U9XN2WL3;
				INFOPLIST_FILE = AgileContentProjectUITests/Info.plist;
				LD_RUNPATH_SEARCH_PATHS = (
					"$(inherited)",
					"@executable_path/Frameworks",
					"@loader_path/Frameworks",
				);
				PRODUCT_BUNDLE_IDENTIFIER = com.alvesmarcel.AgileContentProjectUITests;
				PRODUCT_NAME = "$(TARGET_NAME)";
				SWIFT_VERSION = 5.0;
				TARGETED_DEVICE_FAMILY = "1,2";
				TEST_TARGET_NAME = AgileContentProject;
			};
			name = Release;
		};
/* End XCBuildConfiguration section */

/* Begin XCConfigurationList section */
		2876BB7A228DE9CE005616FD /* Build configuration list for PBXProject "AgileContentProject" */ = {
			isa = XCConfigurationList;
			buildConfigurations = (
				2876BBA5228DE9CF005616FD /* Debug */,
				2876BBA6228DE9CF005616FD /* Release */,
			);
			defaultConfigurationIsVisible = 0;
			defaultConfigurationName = Release;
		};
		2876BBA7228DE9CF005616FD /* Build configuration list for PBXNativeTarget "AgileContentProject" */ = {
			isa = XCConfigurationList;
			buildConfigurations = (
				2876BBA8228DE9CF005616FD /* Debug */,
				2876BBA9228DE9CF005616FD /* Release */,
			);
			defaultConfigurationIsVisible = 0;
			defaultConfigurationName = Release;
		};
		2876BBAA228DE9CF005616FD /* Build configuration list for PBXNativeTarget "AgileContentProjectTests" */ = {
			isa = XCConfigurationList;
			buildConfigurations = (
				2876BBAB228DE9CF005616FD /* Debug */,
				2876BBAC228DE9CF005616FD /* Release */,
			);
			defaultConfigurationIsVisible = 0;
			defaultConfigurationName = Release;
		};
		2876BBAD228DE9CF005616FD /* Build configuration list for PBXNativeTarget "AgileContentProjectUITests" */ = {
			isa = XCConfigurationList;
			buildConfigurations = (
				2876BBAE228DE9CF005616FD /* Debug */,
				2876BBAF228DE9CF005616FD /* Release */,
			);
			defaultConfigurationIsVisible = 0;
			defaultConfigurationName = Release;
		};
/* End XCConfigurationList section */
	};
	rootObject = 2876BB77228DE9CE005616FD /* Project object */;
}
